
Microsoft Visual Studio Solution File, Format Version 12.00
# Visual Studio 14
VisualStudioVersion = 14.0.25420.1
MinimumVisualStudioVersion = 10.0.40219.1
Project("{FAE04EC0-301F-11D3-BF4B-00C04F79EFBC}") = "hospital_management_system", "hospital_management_system\hospital_management_system.csproj", "{232510E0-F09B-477D-B9AE-D482ED1221A8}"
EndProject
Project("{FAE04EC0-301F-11D3-BF4B-00C04F79EFBC}") = "business_layer", "ClassLibrary1\business_layer.csproj", "{59FD97FE-ED68-415D-8C91-93B1E3ACAE30}"
EndProject
Project("{FAE04EC0-301F-11D3-BF4B-00C04F79EFBC}") = "data_layer", "data_layer\data_layer.csproj", "{C1316224-40D3-497C-A035-E3616553ADF2}"
EndProject
Global
	GlobalSection(SolutionConfigurationPlatforms) = preSolution
		Debug|Any CPU = Debug|Any CPU
		Release|Any CPU = Release|Any CPU
	EndGlobalSection
	GlobalSection(ProjectConfigurationPlatforms) = postSolution
		{232510E0-F09B-477D-B9AE-D482ED1221A8}.Debug|Any CPU.ActiveCfg = Debug|Any CPU
		{232510E0-F09B-477D-B9AE-D482ED1221A8}.Debug|Any CPU.Build.0 = Debug|Any CPU
		{232510E0-F09B-477D-B9AE-D482ED1221A8}.Release|Any CPU.ActiveCfg = Release|Any CPU
		{232510E0-F09B-477D-B9AE-D482ED1221A8}.Release|Any CPU.Build.0 = Release|Any CPU
		{59FD97FE-ED68-415D-8C91-93B1E3ACAE30}.Debug|Any CPU.ActiveCfg = Debug|Any CPU
		{59FD97FE-ED68-415D-8C91-93B1E3ACAE30}.Debug|Any CPU.Build.0 = Debug|Any CPU
		{59FD97FE-ED68-415D-8C91-93B1E3ACAE30}.Release|Any CPU.ActiveCfg = Release|Any CPU
		{59FD97FE-ED68-415D-8C91-93B1E3ACAE30}.Release|Any CPU.Build.0 = Release|Any CPU
		{C1316224-40D3-497C-A035-E3616553ADF2}.Debug|Any CPU.ActiveCfg = Debug|Any CPU
		{C1316224-40D3-497C-A035-E3616553ADF2}.Debug|Any CPU.Build.0 = Debug|Any CPU
		{C1316224-40D3-497C-A035-E3616553ADF2}.Release|Any CPU.ActiveCfg = Release|Any CPU
		{C1316224-40D3-497C-A035-E3616553ADF2}.Release|Any CPU.Build.0 = Release|Any CPU
	EndGlobalSection
	GlobalSection(SolutionProperties) = preSolution
		HideSolutionNode = FALSE
	EndGlobalSection
EndGlobal
